
Microsoft Visual Studio Solution File, Format Version 12.00
# Visual Studio Version 17
VisualStudioVersion = 17.3.32922.545
MinimumVisualStudioVersion = 10.0.40219.1
Project("{8BC9CEB8-8B4A-11D0-8D11-00A0C91BC942}") = "Students-v2-0", "Students-v2-0.vcxproj", "{BDD533F1-EC80-4DE6-B3B8-E609D64E8825}"
EndProject
Project("{54435603-DBB4-11D2-8724-00A0C9A8B90C}") = "Students-v3-0-Setup", "Students-v3-0-Setup\Students-v3-0-Setup.vdproj", "{041571C4-532F-4148-ADC5-849E1FE886BA}"
EndProject
Global
	GlobalSection(SolutionConfigurationPlatforms) = preSolution
		Debug|x64 = Debug|x64
		Debug|x86 = Debug|x86
		Release|x64 = Release|x64
		Release|x86 = Release|x86
	EndGlobalSection
	GlobalSection(ProjectConfigurationPlatforms) = postSolution
		{BDD533F1-EC80-4DE6-B3B8-E609D64E8825}.Debug|x64.ActiveCfg = Debug|x64
		{BDD533F1-EC80-4DE6-B3B8-E609D64E8825}.Debug|x64.Build.0 = Debug|x64
		{BDD533F1-EC80-4DE6-B3B8-E609D64E8825}.Debug|x86.ActiveCfg = Debug|Win32
		{BDD533F1-EC80-4DE6-B3B8-E609D64E8825}.Debug|x86.Build.0 = Debug|Win32
		{BDD533F1-EC80-4DE6-B3B8-E609D64E8825}.Release|x64.ActiveCfg = Release|x64
		{BDD533F1-EC80-4DE6-B3B8-E609D64E8825}.Release|x64.Build.0 = Release|x64
		{BDD533F1-EC80-4DE6-B3B8-E609D64E8825}.Release|x86.ActiveCfg = Release|Win32
		{BDD533F1-EC80-4DE6-B3B8-E609D64E8825}.Release|x86.Build.0 = Release|Win32
		{041571C4-532F-4148-ADC5-849E1FE886BA}.Debug|x64.ActiveCfg = Debug
		{041571C4-532F-4148-ADC5-849E1FE886BA}.Debug|x86.ActiveCfg = Debug
		{041571C4-532F-4148-ADC5-849E1FE886BA}.Release|x64.ActiveCfg = Release
		{041571C4-532F-4148-ADC5-849E1FE886BA}.Release|x86.ActiveCfg = Release
	EndGlobalSection
	GlobalSection(SolutionProperties) = preSolution
		HideSolutionNode = FALSE
	EndGlobalSection
	GlobalSection(ExtensibilityGlobals) = postSolution
		SolutionGuid = {F88E7E1D-8C0F-4B28-ABC4-DEC50B140F01}
	EndGlobalSection
EndGlobal
